
Microsoft Visual Studio Solution File, Format Version 12.00
# Visual Studio 14
VisualStudioVersion = 14.0.25420.1
MinimumVisualStudioVersion = 10.0.40219.1
Project("{FAE04EC0-301F-11D3-BF4B-00C04F79EFBC}") = "Libra.Web", "Libra.Web\Libra.Web.csproj", "{E8CE6FE0-E39C-4A77-AC59-889D8F943054}"
EndProject
Project("{2150E333-8FDC-42A3-9474-1A3956D46DE8}") = "01 DataBase 数据库模块", "01 DataBase 数据库模块", "{727725FD-2FAF-492D-8776-B97EEE50E089}"
EndProject
Project("{2150E333-8FDC-42A3-9474-1A3956D46DE8}") = "02 Util 常用类模块", "02 Util 常用类模块", "{CED20C43-7156-42FB-BBAF-90938BD10F8A}"
EndProject
Project("{FAE04EC0-301F-11D3-BF4B-00C04F79EFBC}") = "CCLibra.Util", "..\CCLibra.Util\CCLibra.Util.csproj", "{8CE9B3F1-7BBB-46A1-B403-F6BB02C121D1}"
EndProject
Project("{2150E333-8FDC-42A3-9474-1A3956D46DE8}") = "03 Log 日志模块", "03 Log 日志模块", "{A65FD50F-CD22-45AB-BC49-8BFD3A4C7444}"
EndProject
Project("{FAE04EC0-301F-11D3-BF4B-00C04F79EFBC}") = "CCLibra.Loger", "..\CCLibra.Loger\CCLibra.Loger.csproj", "{4A2EDE13-A2A4-4DB3-8488-E3AF4FFDC4E2}"
EndProject
Project("{FAE04EC0-301F-11D3-BF4B-00C04F79EFBC}") = "CCLibra.DataBase", "..\CCLibra.Db\CCLibra.DataBase\CCLibra.DataBase.csproj", "{5D87D50F-5E05-4BF4-99AB-BBEE334D6CEB}"
EndProject
Project("{FAE04EC0-301F-11D3-BF4B-00C04F79EFBC}") = "CCLibra.DataBase.EF.Sqlserver", "..\CCLibra.Db\CCLibra.DataBase.EF.Sqlserver\CCLibra.DataBase.EF.Sqlserver.csproj", "{055C4C4A-0299-45C1-B352-CFFCD7442453}"
EndProject
Project("{FAE04EC0-301F-11D3-BF4B-00C04F79EFBC}") = "CCLibra.DataBase.Repository", "..\CCLibra.Db\CCLibra.DataBase.Repository\CCLibra.DataBase.Repository.csproj", "{3F3F6E37-A355-4EE7-9082-E69556E9FCCC}"
EndProject
Project("{2150E333-8FDC-42A3-9474-1A3956D46DE8}") = "04 Ioc 容器模块", "04 Ioc 容器模块", "{6491B00B-28D9-478A-BDE1-7BE99F084109}"
EndProject
Project("{FAE04EC0-301F-11D3-BF4B-00C04F79EFBC}") = "CCLibra.Ioc", "..\CCLibra.Ioc\CCLibra.Ioc.csproj", "{DD5C3081-DEC8-4D82-B9B4-1DC97A9A33AA}"
EndProject
Project("{FAE04EC0-301F-11D3-BF4B-00C04F79EFBC}") = "CCLibra.DataBase.EF.Oracle", "..\CCLibra.Db\CCLibra.DataBase.EF.Oracle\CCLibra.DataBase.EF.Oracle.csproj", "{C430A3DA-C748-4DDC-AF6F-F5575936EDE9}"
EndProject
Project("{2150E333-8FDC-42A3-9474-1A3956D46DE8}") = "05 Cache 缓存", "05 Cache 缓存", "{79ED17FB-7A3A-4111-8F80-AF383595EC18}"
EndProject
Project("{FAE04EC0-301F-11D3-BF4B-00C04F79EFBC}") = "CCLibra.Cache.Base", "..\CCLibra.Cache\CCLibra.Cache.Base\CCLibra.Cache.Base.csproj", "{9491C05C-3C52-4A85-86C3-B903E7D3E336}"
EndProject
Project("{FAE04EC0-301F-11D3-BF4B-00C04F79EFBC}") = "CCLibra.Cache.Factory", "..\CCLibra.Cache\CCLibra.Cache.Factory\CCLibra.Cache.Factory.csproj", "{05CC4FD8-72AB-4C64-A29B-410D4EEB1D30}"
EndProject
Project("{FAE04EC0-301F-11D3-BF4B-00C04F79EFBC}") = "CCLibra.Cache.Redis", "..\CCLibra.Cache\CCLibra.Cache.Redis\CCLibra.Cache.Redis.csproj", "{8C1DD43E-3E12-472F-8DAD-3446D7769D47}"
EndProject
Global
	GlobalSection(SolutionConfigurationPlatforms) = preSolution
		Debug|Any CPU = Debug|Any CPU
		Release|Any CPU = Release|Any CPU
	EndGlobalSection
	GlobalSection(ProjectConfigurationPlatforms) = postSolution
		{E8CE6FE0-E39C-4A77-AC59-889D8F943054}.Debug|Any CPU.ActiveCfg = Debug|Any CPU
		{E8CE6FE0-E39C-4A77-AC59-889D8F943054}.Debug|Any CPU.Build.0 = Debug|Any CPU
		{E8CE6FE0-E39C-4A77-AC59-889D8F943054}.Release|Any CPU.ActiveCfg = Release|Any CPU
		{E8CE6FE0-E39C-4A77-AC59-889D8F943054}.Release|Any CPU.Build.0 = Release|Any CPU
		{8CE9B3F1-7BBB-46A1-B403-F6BB02C121D1}.Debug|Any CPU.ActiveCfg = Debug|Any CPU
		{8CE9B3F1-7BBB-46A1-B403-F6BB02C121D1}.Debug|Any CPU.Build.0 = Debug|Any CPU
		{8CE9B3F1-7BBB-46A1-B403-F6BB02C121D1}.Release|Any CPU.ActiveCfg = Release|Any CPU
		{8CE9B3F1-7BBB-46A1-B403-F6BB02C121D1}.Release|Any CPU.Build.0 = Release|Any CPU
		{4A2EDE13-A2A4-4DB3-8488-E3AF4FFDC4E2}.Debug|Any CPU.ActiveCfg = Debug|Any CPU
		{4A2EDE13-A2A4-4DB3-8488-E3AF4FFDC4E2}.Debug|Any CPU.Build.0 = Debug|Any CPU
		{4A2EDE13-A2A4-4DB3-8488-E3AF4FFDC4E2}.Release|Any CPU.ActiveCfg = Release|Any CPU
		{4A2EDE13-A2A4-4DB3-8488-E3AF4FFDC4E2}.Release|Any CPU.Build.0 = Release|Any CPU
		{5D87D50F-5E05-4BF4-99AB-BBEE334D6CEB}.Debug|Any CPU.ActiveCfg = Debug|Any CPU
		{5D87D50F-5E05-4BF4-99AB-BBEE334D6CEB}.Debug|Any CPU.Build.0 = Debug|Any CPU
		{5D87D50F-5E05-4BF4-99AB-BBEE334D6CEB}.Release|Any CPU.ActiveCfg = Release|Any CPU
		{5D87D50F-5E05-4BF4-99AB-BBEE334D6CEB}.Release|Any CPU.Build.0 = Release|Any CPU
		{055C4C4A-0299-45C1-B352-CFFCD7442453}.Debug|Any CPU.ActiveCfg = Debug|Any CPU
		{055C4C4A-0299-45C1-B352-CFFCD7442453}.Debug|Any CPU.Build.0 = Debug|Any CPU
		{055C4C4A-0299-45C1-B352-CFFCD7442453}.Release|Any CPU.ActiveCfg = Release|Any CPU
		{055C4C4A-0299-45C1-B352-CFFCD7442453}.Release|Any CPU.Build.0 = Release|Any CPU
		{3F3F6E37-A355-4EE7-9082-E69556E9FCCC}.Debug|Any CPU.ActiveCfg = Debug|Any CPU
		{3F3F6E37-A355-4EE7-9082-E69556E9FCCC}.Debug|Any CPU.Build.0 = Debug|Any CPU
		{3F3F6E37-A355-4EE7-9082-E69556E9FCCC}.Release|Any CPU.ActiveCfg = Release|Any CPU
		{3F3F6E37-A355-4EE7-9082-E69556E9FCCC}.Release|Any CPU.Build.0 = Release|Any CPU
		{DD5C3081-DEC8-4D82-B9B4-1DC97A9A33AA}.Debug|Any CPU.ActiveCfg = Debug|Any CPU
		{DD5C3081-DEC8-4D82-B9B4-1DC97A9A33AA}.Debug|Any CPU.Build.0 = Debug|Any CPU
		{DD5C3081-DEC8-4D82-B9B4-1DC97A9A33AA}.Release|Any CPU.ActiveCfg = Release|Any CPU
		{DD5C3081-DEC8-4D82-B9B4-1DC97A9A33AA}.Release|Any CPU.Build.0 = Release|Any CPU
		{C430A3DA-C748-4DDC-AF6F-F5575936EDE9}.Debug|Any CPU.ActiveCfg = Debug|Any CPU
		{C430A3DA-C748-4DDC-AF6F-F5575936EDE9}.Debug|Any CPU.Build.0 = Debug|Any CPU
		{C430A3DA-C748-4DDC-AF6F-F5575936EDE9}.Release|Any CPU.ActiveCfg = Release|Any CPU
		{C430A3DA-C748-4DDC-AF6F-F5575936EDE9}.Release|Any CPU.Build.0 = Release|Any CPU
		{9491C05C-3C52-4A85-86C3-B903E7D3E336}.Debug|Any CPU.ActiveCfg = Debug|Any CPU
		{9491C05C-3C52-4A85-86C3-B903E7D3E336}.Debug|Any CPU.Build.0 = Debug|Any CPU
		{9491C05C-3C52-4A85-86C3-B903E7D3E336}.Release|Any CPU.ActiveCfg = Release|Any CPU
		{9491C05C-3C52-4A85-86C3-B903E7D3E336}.Release|Any CPU.Build.0 = Release|Any CPU
		{05CC4FD8-72AB-4C64-A29B-410D4EEB1D30}.Debug|Any CPU.ActiveCfg = Debug|Any CPU
		{05CC4FD8-72AB-4C64-A29B-410D4EEB1D30}.Debug|Any CPU.Build.0 = Debug|Any CPU
		{05CC4FD8-72AB-4C64-A29B-410D4EEB1D30}.Release|Any CPU.ActiveCfg = Release|Any CPU
		{05CC4FD8-72AB-4C64-A29B-410D4EEB1D30}.Release|Any CPU.Build.0 = Release|Any CPU
		{8C1DD43E-3E12-472F-8DAD-3446D7769D47}.Debug|Any CPU.ActiveCfg = Debug|Any CPU
		{8C1DD43E-3E12-472F-8DAD-3446D7769D47}.Debug|Any CPU.Build.0 = Debug|Any CPU
		{8C1DD43E-3E12-472F-8DAD-3446D7769D47}.Release|Any CPU.ActiveCfg = Release|Any CPU
		{8C1DD43E-3E12-472F-8DAD-3446D7769D47}.Release|Any CPU.Build.0 = Release|Any CPU
	EndGlobalSection
	GlobalSection(SolutionProperties) = preSolution
		HideSolutionNode = FALSE
	EndGlobalSection
	GlobalSection(NestedProjects) = preSolution
		{8CE9B3F1-7BBB-46A1-B403-F6BB02C121D1} = {CED20C43-7156-42FB-BBAF-90938BD10F8A}
		{4A2EDE13-A2A4-4DB3-8488-E3AF4FFDC4E2} = {A65FD50F-CD22-45AB-BC49-8BFD3A4C7444}
		{5D87D50F-5E05-4BF4-99AB-BBEE334D6CEB} = {727725FD-2FAF-492D-8776-B97EEE50E089}
		{055C4C4A-0299-45C1-B352-CFFCD7442453} = {727725FD-2FAF-492D-8776-B97EEE50E089}
		{3F3F6E37-A355-4EE7-9082-E69556E9FCCC} = {727725FD-2FAF-492D-8776-B97EEE50E089}
		{DD5C3081-DEC8-4D82-B9B4-1DC97A9A33AA} = {6491B00B-28D9-478A-BDE1-7BE99F084109}
		{C430A3DA-C748-4DDC-AF6F-F5575936EDE9} = {727725FD-2FAF-492D-8776-B97EEE50E089}
		{9491C05C-3C52-4A85-86C3-B903E7D3E336} = {79ED17FB-7A3A-4111-8F80-AF383595EC18}
		{05CC4FD8-72AB-4C64-A29B-410D4EEB1D30} = {79ED17FB-7A3A-4111-8F80-AF383595EC18}
		{8C1DD43E-3E12-472F-8DAD-3446D7769D47} = {79ED17FB-7A3A-4111-8F80-AF383595EC18}
	EndGlobalSection
EndGlobal
