
Microsoft Visual Studio Solution File, Format Version 12.00
# Visual Studio 14
VisualStudioVersion = 14.0.25420.1
MinimumVisualStudioVersion = 10.0.40219.1
Project("{FAE04EC0-301F-11D3-BF4B-00C04F79EFBC}") = "Libra.Web", "Libra.Web\Libra.Web.csproj", "{E8CE6FE0-E39C-4A77-AC59-889D8F943054}"
EndProject
Project("{2150E333-8FDC-42A3-9474-1A3956D46DE8}") = "01 DataBase 数据库模块", "01 DataBase 数据库模块", "{727725FD-2FAF-492D-8776-B97EEE50E089}"
EndProject
Project("{2150E333-8FDC-42A3-9474-1A3956D46DE8}") = "02 Util 常用类模块", "02 Util 常用类模块", "{CED20C43-7156-42FB-BBAF-90938BD10F8A}"
EndProject
Project("{FAE04EC0-301F-11D3-BF4B-00C04F79EFBC}") = "CCLibra.Util", "..\CCLibra.Util\CCLibra.Util.csproj", "{8CE9B3F1-7BBB-46A1-B403-F6BB02C121D1}"
EndProject
Project("{2150E333-8FDC-42A3-9474-1A3956D46DE8}") = "03 Log 日志模块", "03 Log 日志模块", "{A65FD50F-CD22-45AB-BC49-8BFD3A4C7444}"
EndProject
Project("{FAE04EC0-301F-11D3-BF4B-00C04F79EFBC}") = "CCLibra.Loger", "..\CCLibra.Loger\CCLibra.Loger.csproj", "{4A2EDE13-A2A4-4DB3-8488-E3AF4FFDC4E2}"
EndProject
Project("{FAE04EC0-301F-11D3-BF4B-00C04F79EFBC}") = "CCLibra.DataBase", "..\CCLibra.Db\CCLibra.DataBase\CCLibra.DataBase.csproj", "{5D87D50F-5E05-4BF4-99AB-BBEE334D6CEB}"
EndProject
Global
	GlobalSection(SolutionConfigurationPlatforms) = preSolution
		Debug|Any CPU = Debug|Any CPU
		Release|Any CPU = Release|Any CPU
	EndGlobalSection
	GlobalSection(ProjectConfigurationPlatforms) = postSolution
		{E8CE6FE0-E39C-4A77-AC59-889D8F943054}.Debug|Any CPU.ActiveCfg = Debug|Any CPU
		{E8CE6FE0-E39C-4A77-AC59-889D8F943054}.Debug|Any CPU.Build.0 = Debug|Any CPU
		{E8CE6FE0-E39C-4A77-AC59-889D8F943054}.Release|Any CPU.ActiveCfg = Release|Any CPU
		{E8CE6FE0-E39C-4A77-AC59-889D8F943054}.Release|Any CPU.Build.0 = Release|Any CPU
		{8CE9B3F1-7BBB-46A1-B403-F6BB02C121D1}.Debug|Any CPU.ActiveCfg = Debug|Any CPU
		{8CE9B3F1-7BBB-46A1-B403-F6BB02C121D1}.Debug|Any CPU.Build.0 = Debug|Any CPU
		{8CE9B3F1-7BBB-46A1-B403-F6BB02C121D1}.Release|Any CPU.ActiveCfg = Release|Any CPU
		{8CE9B3F1-7BBB-46A1-B403-F6BB02C121D1}.Release|Any CPU.Build.0 = Release|Any CPU
		{4A2EDE13-A2A4-4DB3-8488-E3AF4FFDC4E2}.Debug|Any CPU.ActiveCfg = Debug|Any CPU
		{4A2EDE13-A2A4-4DB3-8488-E3AF4FFDC4E2}.Debug|Any CPU.Build.0 = Debug|Any CPU
		{4A2EDE13-A2A4-4DB3-8488-E3AF4FFDC4E2}.Release|Any CPU.ActiveCfg = Release|Any CPU
		{4A2EDE13-A2A4-4DB3-8488-E3AF4FFDC4E2}.Release|Any CPU.Build.0 = Release|Any CPU
		{5D87D50F-5E05-4BF4-99AB-BBEE334D6CEB}.Debug|Any CPU.ActiveCfg = Debug|Any CPU
		{5D87D50F-5E05-4BF4-99AB-BBEE334D6CEB}.Debug|Any CPU.Build.0 = Debug|Any CPU
		{5D87D50F-5E05-4BF4-99AB-BBEE334D6CEB}.Release|Any CPU.ActiveCfg = Release|Any CPU
		{5D87D50F-5E05-4BF4-99AB-BBEE334D6CEB}.Release|Any CPU.Build.0 = Release|Any CPU
	EndGlobalSection
	GlobalSection(SolutionProperties) = preSolution
		HideSolutionNode = FALSE
	EndGlobalSection
	GlobalSection(NestedProjects) = preSolution
		{8CE9B3F1-7BBB-46A1-B403-F6BB02C121D1} = {CED20C43-7156-42FB-BBAF-90938BD10F8A}
		{4A2EDE13-A2A4-4DB3-8488-E3AF4FFDC4E2} = {A65FD50F-CD22-45AB-BC49-8BFD3A4C7444}
		{5D87D50F-5E05-4BF4-99AB-BBEE334D6CEB} = {727725FD-2FAF-492D-8776-B97EEE50E089}
	EndGlobalSection
EndGlobal
